
Microsoft Visual Studio Solution File, Format Version 12.00
# Visual Studio Version 16
VisualStudioVersion = 16.0.29306.81
MinimumVisualStudioVersion = 10.0.40219.1
Project("{2150E333-8FDC-42A3-9474-1A3956D46DE8}") = "Applications", "Applications", "{81F6D934-B1BD-462B-8198-E4FFB8B845EA}"
EndProject
Project("{2150E333-8FDC-42A3-9474-1A3956D46DE8}") = "Libraries", "Libraries", "{EF3CD41E-E400-40C1-BE6A-39391885A50F}"
EndProject
Project("{2150E333-8FDC-42A3-9474-1A3956D46DE8}") = "Docs", "Docs", "{79C66793-6C71-4D53-AC7A-FED7B00B2FC8}"
EndProject
Project("{2150E333-8FDC-42A3-9474-1A3956D46DE8}") = "Tests", "Tests", "{AE2D211D-4EA0-4BCC-8E6F-A3F833635FD0}"
EndProject
Project("{FAE04EC0-301F-11D3-BF4B-00C04F79EFBC}") = "Daffodil.ExamineCatchBlock", "DAFFODIL\src\app\Daffodil.ExamineCatchBlock\Daffodil.ExamineCatchBlock.csproj", "{A906EE51-515F-43E6-98C9-DC524F526869}"
EndProject
Project("{FAE04EC0-301F-11D3-BF4B-00C04F79EFBC}") = "Daffodil.FactGeneratorSA", "DAFFODIL\src\app\Daffodil.FactGeneratorSA\Daffodil.FactGeneratorSA.csproj", "{DBD052FC-CEA9-41E6-B26A-85DAD56A001A}"
EndProject
Project("{FAE04EC0-301F-11D3-BF4B-00C04F79EFBC}") = "Daffodil.DatalogAnalysisFW", "DAFFODIL\src\lib\Daffodil.DatalogAnalysisFW\Daffodil.DatalogAnalysisFW.csproj", "{60A1151A-D3BB-4C0E-B92D-9D124D1B076B}"
EndProject
Project("{FAE04EC0-301F-11D3-BF4B-00C04F79EFBC}") = "T1", "DAFFODIL\src\test\T1\T1.csproj", "{924A4038-6914-4216-8DE0-2902CC319AC7}"
EndProject
Project("{FAE04EC0-301F-11D3-BF4B-00C04F79EFBC}") = "T2", "DAFFODIL\src\test\T2\T2.csproj", "{8EE06A58-1EB5-4CFD-81B5-23961ACB0C92}"
EndProject
Project("{FAE04EC0-301F-11D3-BF4B-00C04F79EFBC}") = "T3", "DAFFODIL\src\test\T3\T3.csproj", "{030FAD87-3A09-459A-A8FB-90400512653C}"
EndProject
Project("{FAE04EC0-301F-11D3-BF4B-00C04F79EFBC}") = "T4", "DAFFODIL\src\test\T4\T4.csproj", "{A5B2A369-55E4-4D0A-AC56-E455DC05134B}"
EndProject
Project("{FAE04EC0-301F-11D3-BF4B-00C04F79EFBC}") = "T5", "DAFFODIL\src\test\T5\T5.csproj", "{2E27CE73-6F91-49A8-BD86-8B391D04FDE5}"
EndProject
Project("{FAE04EC0-301F-11D3-BF4B-00C04F79EFBC}") = "T6", "DAFFODIL\src\test\T6\T6.csproj", "{1150D764-A665-463B-8F3C-9621279DBD27}"
EndProject
Project("{FAE04EC0-301F-11D3-BF4B-00C04F79EFBC}") = "T7", "DAFFODIL\src\test\T7\T7.csproj", "{0115F350-4386-4FF8-9477-DF10983951AD}"
EndProject
Project("{FAE04EC0-301F-11D3-BF4B-00C04F79EFBC}") = "T8", "DAFFODIL\src\test\T8\T8.csproj", "{1AB6EF4B-C1D7-402C-98EB-3749495702DB}"
EndProject
Project("{FAE04EC0-301F-11D3-BF4B-00C04F79EFBC}") = "T9", "DAFFODIL\src\test\T9\T9.csproj", "{D3A93302-4850-4344-B738-7311E0415326}"
EndProject
Project("{FAE04EC0-301F-11D3-BF4B-00C04F79EFBC}") = "T10", "DAFFODIL\src\test\T10\T10.csproj", "{1D57B2F1-3323-47DE-8C63-20979957F663}"
EndProject
Project("{FAE04EC0-301F-11D3-BF4B-00C04F79EFBC}") = "T11", "DAFFODIL\src\test\T11\T11.csproj", "{9157A809-2A62-4A3B-A371-814648E3BEFF}"
EndProject
Project("{FAE04EC0-301F-11D3-BF4B-00C04F79EFBC}") = "T12", "DAFFODIL\src\test\T12\T12.csproj", "{041013BE-6D01-496A-AA15-9F9AD7065694}"
EndProject
Project("{FAE04EC0-301F-11D3-BF4B-00C04F79EFBC}") = "T13", "DAFFODIL\src\test\T13\T13.csproj", "{AB6BDCAA-8D72-43F8-BB1C-ECBA11862B5B}"
EndProject
Project("{FAE04EC0-301F-11D3-BF4B-00C04F79EFBC}") = "T14", "DAFFODIL\src\test\T14\T14.csproj", "{F03DABB9-A16A-48B7-B1D1-3E1E17C6E3E9}"
EndProject
Project("{2150E333-8FDC-42A3-9474-1A3956D46DE8}") = "Stubs", "Stubs", "{F8677B83-ED88-47BD-819E-2E9D62328F38}"
EndProject
Project("{FAE04EC0-301F-11D3-BF4B-00C04F79EFBC}") = "Daffodil.Stubs", "DAFFODIL\src\stubs\Daffodil.Stubs\Daffodil.Stubs.csproj", "{A89DDF60-5CE4-4901-A120-80BDF51B6662}"
EndProject
Project("{FAE04EC0-301F-11D3-BF4B-00C04F79EFBC}") = "T15", "DAFFODIL\src\test\T15\T15.csproj", "{3EECDD7D-93FE-4759-95B5-AAC94E47E643}"
EndProject
Project("{FAE04EC0-301F-11D3-BF4B-00C04F79EFBC}") = "T16", "DAFFODIL\src\test\T16\T16.csproj", "{556785BB-6EDA-4E58-ABD7-2D4721EE9EE0}"
EndProject
Project("{FAE04EC0-301F-11D3-BF4B-00C04F79EFBC}") = "T17", "DAFFODIL\src\test\T17\T17.csproj", "{649DB5CC-62B4-4C60-AC42-CCC6DD053750}"
EndProject
Project("{FAE04EC0-301F-11D3-BF4B-00C04F79EFBC}") = "T18", "DAFFODIL\src\test\T18\T18.csproj", "{7364EAA1-F175-4EDA-B5F6-844A0E9D1260}"
EndProject
Project("{FAE04EC0-301F-11D3-BF4B-00C04F79EFBC}") = "T19", "DAFFODIL\src\test\T19\T19.csproj", "{01EA194B-F71E-4FB3-BE60-925939D1DC39}"
EndProject
Project("{FAE04EC0-301F-11D3-BF4B-00C04F79EFBC}") = "SignatureExpt", "DAFFODIL\src\test\SignatureExpt\SignatureExpt.csproj", "{F815BA39-C1E4-4BBF-9611-7ADBE1EA9D9E}"
EndProject
Project("{FAE04EC0-301F-11D3-BF4B-00C04F79EFBC}") = "TorchInst", "DAFFODIL\src\test\TorchInst\TorchInst.csproj", "{4C1B71AE-4FFA-45C6-9235-DECC9534C805}"
EndProject
Project("{FAE04EC0-301F-11D3-BF4B-00C04F79EFBC}") = "T20", "DAFFODIL\src\test\T20\T20.csproj", "{22C6C93E-AA25-4197-B6EA-8F4FEC2B5E54}"
EndProject
Project("{FAE04EC0-301F-11D3-BF4B-00C04F79EFBC}") = "E2EDemo", "DAFFODIL\src\test\E2EDemo\E2EDemo.csproj", "{4627FA3B-1526-451B-8279-F9B51C702E6F}"
EndProject
Project("{FAE04EC0-301F-11D3-BF4B-00C04F79EFBC}") = "E2EDemoR", "DAFFODIL\src\test\E2EDemoR\E2EDemoR.csproj", "{660AC771-3BE9-4C87-A795-F7EEE13BADCD}"
EndProject
Project("{FAE04EC0-301F-11D3-BF4B-00C04F79EFBC}") = "TorchStackTest", "DAFFODIL\src\test\TorchStackTest\TorchStackTest.csproj", "{42F51D9F-F1FB-482B-B48E-1335627BB6BB}"
EndProject
Project("{FAE04EC0-301F-11D3-BF4B-00C04F79EFBC}") = "E2EDemoF", "DAFFODIL\src\test\E2EDemoF\E2EDemoF.csproj", "{9F155F77-CF26-4866-A11C-0D86FD575E77}"
EndProject
Project("{FAE04EC0-301F-11D3-BF4B-00C04F79EFBC}") = "T21", "DAFFODIL\src\test\T21\T21.csproj", "{4BD936B6-5995-42D1-89C6-A834FA59C8A6}"
EndProject
Project("{FAE04EC0-301F-11D3-BF4B-00C04F79EFBC}") = "MNTest", "DAFFODIL\src\test\MNTest\MNTest.csproj", "{3C1E9C48-7C0A-4773-9429-45425B333D22}"
EndProject
Project("{FAE04EC0-301F-11D3-BF4B-00C04F79EFBC}") = "FilePkgUtil", "DAFFODIL\src\test\FilePkgUtil\FilePkgUtil.csproj", "{1A65ACE1-ADA2-420E-A414-9D7CC8724D09}"
EndProject
Project("{FAE04EC0-301F-11D3-BF4B-00C04F79EFBC}") = "AsyncJobDispatcher", "DAFFODIL\src\test\AsyncJobDispatcher\AsyncJobDispatcher.csproj", "{FD2F35CC-9900-4A8C-9024-DF3123A8C784}"
EndProject
Project("{FAE04EC0-301F-11D3-BF4B-00C04F79EFBC}") = "WaveformGenerator", "DAFFODIL\src\test\WaveformGenerator\WaveformGenerator.csproj", "{86C69EA4-705C-4129-BCAD-4E8E9AAD6362}"
EndProject
Project("{FAE04EC0-301F-11D3-BF4B-00C04F79EFBC}") = "AsyncWebCrawler", "DAFFODIL\src\test\AsyncWebCrawler\AsyncWebCrawler.csproj", "{4E723DFB-7D96-4E3A-971A-8C0B271F44CC}"
EndProject
Project("{FAE04EC0-301F-11D3-BF4B-00C04F79EFBC}") = "ScrambledSquares", "DAFFODIL\src\test\ScrambledSquares\ScrambledSquares.csproj", "{02194EE2-2D22-4021-883A-73691678EEB8}"
EndProject
Global
	GlobalSection(SolutionConfigurationPlatforms) = preSolution
		Debug|Any CPU = Debug|Any CPU
		Release|Any CPU = Release|Any CPU
	EndGlobalSection
	GlobalSection(ProjectConfigurationPlatforms) = postSolution
		{A906EE51-515F-43E6-98C9-DC524F526869}.Debug|Any CPU.ActiveCfg = Debug|Any CPU
		{A906EE51-515F-43E6-98C9-DC524F526869}.Debug|Any CPU.Build.0 = Debug|Any CPU
		{A906EE51-515F-43E6-98C9-DC524F526869}.Release|Any CPU.ActiveCfg = Release|Any CPU
		{A906EE51-515F-43E6-98C9-DC524F526869}.Release|Any CPU.Build.0 = Release|Any CPU
		{DBD052FC-CEA9-41E6-B26A-85DAD56A001A}.Debug|Any CPU.ActiveCfg = Debug|Any CPU
		{DBD052FC-CEA9-41E6-B26A-85DAD56A001A}.Debug|Any CPU.Build.0 = Debug|Any CPU
		{DBD052FC-CEA9-41E6-B26A-85DAD56A001A}.Release|Any CPU.ActiveCfg = Release|Any CPU
		{DBD052FC-CEA9-41E6-B26A-85DAD56A001A}.Release|Any CPU.Build.0 = Release|Any CPU
		{60A1151A-D3BB-4C0E-B92D-9D124D1B076B}.Debug|Any CPU.ActiveCfg = Debug|Any CPU
		{60A1151A-D3BB-4C0E-B92D-9D124D1B076B}.Debug|Any CPU.Build.0 = Debug|Any CPU
		{60A1151A-D3BB-4C0E-B92D-9D124D1B076B}.Release|Any CPU.ActiveCfg = Release|Any CPU
		{60A1151A-D3BB-4C0E-B92D-9D124D1B076B}.Release|Any CPU.Build.0 = Release|Any CPU
		{924A4038-6914-4216-8DE0-2902CC319AC7}.Debug|Any CPU.ActiveCfg = Debug|Any CPU
		{924A4038-6914-4216-8DE0-2902CC319AC7}.Debug|Any CPU.Build.0 = Debug|Any CPU
		{924A4038-6914-4216-8DE0-2902CC319AC7}.Release|Any CPU.ActiveCfg = Release|Any CPU
		{924A4038-6914-4216-8DE0-2902CC319AC7}.Release|Any CPU.Build.0 = Release|Any CPU
		{8EE06A58-1EB5-4CFD-81B5-23961ACB0C92}.Debug|Any CPU.ActiveCfg = Debug|Any CPU
		{8EE06A58-1EB5-4CFD-81B5-23961ACB0C92}.Debug|Any CPU.Build.0 = Debug|Any CPU
		{8EE06A58-1EB5-4CFD-81B5-23961ACB0C92}.Release|Any CPU.ActiveCfg = Release|Any CPU
		{8EE06A58-1EB5-4CFD-81B5-23961ACB0C92}.Release|Any CPU.Build.0 = Release|Any CPU
		{030FAD87-3A09-459A-A8FB-90400512653C}.Debug|Any CPU.ActiveCfg = Debug|Any CPU
		{030FAD87-3A09-459A-A8FB-90400512653C}.Debug|Any CPU.Build.0 = Debug|Any CPU
		{030FAD87-3A09-459A-A8FB-90400512653C}.Release|Any CPU.ActiveCfg = Release|Any CPU
		{030FAD87-3A09-459A-A8FB-90400512653C}.Release|Any CPU.Build.0 = Release|Any CPU
		{A5B2A369-55E4-4D0A-AC56-E455DC05134B}.Debug|Any CPU.ActiveCfg = Debug|Any CPU
		{A5B2A369-55E4-4D0A-AC56-E455DC05134B}.Debug|Any CPU.Build.0 = Debug|Any CPU
		{A5B2A369-55E4-4D0A-AC56-E455DC05134B}.Release|Any CPU.ActiveCfg = Release|Any CPU
		{A5B2A369-55E4-4D0A-AC56-E455DC05134B}.Release|Any CPU.Build.0 = Release|Any CPU
		{2E27CE73-6F91-49A8-BD86-8B391D04FDE5}.Debug|Any CPU.ActiveCfg = Debug|Any CPU
		{2E27CE73-6F91-49A8-BD86-8B391D04FDE5}.Debug|Any CPU.Build.0 = Debug|Any CPU
		{2E27CE73-6F91-49A8-BD86-8B391D04FDE5}.Release|Any CPU.ActiveCfg = Release|Any CPU
		{2E27CE73-6F91-49A8-BD86-8B391D04FDE5}.Release|Any CPU.Build.0 = Release|Any CPU
		{1150D764-A665-463B-8F3C-9621279DBD27}.Debug|Any CPU.ActiveCfg = Debug|Any CPU
		{1150D764-A665-463B-8F3C-9621279DBD27}.Debug|Any CPU.Build.0 = Debug|Any CPU
		{1150D764-A665-463B-8F3C-9621279DBD27}.Release|Any CPU.ActiveCfg = Release|Any CPU
		{1150D764-A665-463B-8F3C-9621279DBD27}.Release|Any CPU.Build.0 = Release|Any CPU
		{0115F350-4386-4FF8-9477-DF10983951AD}.Debug|Any CPU.ActiveCfg = Debug|Any CPU
		{0115F350-4386-4FF8-9477-DF10983951AD}.Debug|Any CPU.Build.0 = Debug|Any CPU
		{0115F350-4386-4FF8-9477-DF10983951AD}.Release|Any CPU.ActiveCfg = Release|Any CPU
		{0115F350-4386-4FF8-9477-DF10983951AD}.Release|Any CPU.Build.0 = Release|Any CPU
		{1AB6EF4B-C1D7-402C-98EB-3749495702DB}.Debug|Any CPU.ActiveCfg = Debug|Any CPU
		{1AB6EF4B-C1D7-402C-98EB-3749495702DB}.Debug|Any CPU.Build.0 = Debug|Any CPU
		{1AB6EF4B-C1D7-402C-98EB-3749495702DB}.Release|Any CPU.ActiveCfg = Release|Any CPU
		{1AB6EF4B-C1D7-402C-98EB-3749495702DB}.Release|Any CPU.Build.0 = Release|Any CPU
		{D3A93302-4850-4344-B738-7311E0415326}.Debug|Any CPU.ActiveCfg = Debug|Any CPU
		{D3A93302-4850-4344-B738-7311E0415326}.Debug|Any CPU.Build.0 = Debug|Any CPU
		{D3A93302-4850-4344-B738-7311E0415326}.Release|Any CPU.ActiveCfg = Release|Any CPU
		{D3A93302-4850-4344-B738-7311E0415326}.Release|Any CPU.Build.0 = Release|Any CPU
		{1D57B2F1-3323-47DE-8C63-20979957F663}.Debug|Any CPU.ActiveCfg = Debug|Any CPU
		{1D57B2F1-3323-47DE-8C63-20979957F663}.Debug|Any CPU.Build.0 = Debug|Any CPU
		{1D57B2F1-3323-47DE-8C63-20979957F663}.Release|Any CPU.ActiveCfg = Release|Any CPU
		{1D57B2F1-3323-47DE-8C63-20979957F663}.Release|Any CPU.Build.0 = Release|Any CPU
		{9157A809-2A62-4A3B-A371-814648E3BEFF}.Debug|Any CPU.ActiveCfg = Debug|Any CPU
		{9157A809-2A62-4A3B-A371-814648E3BEFF}.Debug|Any CPU.Build.0 = Debug|Any CPU
		{9157A809-2A62-4A3B-A371-814648E3BEFF}.Release|Any CPU.ActiveCfg = Release|Any CPU
		{9157A809-2A62-4A3B-A371-814648E3BEFF}.Release|Any CPU.Build.0 = Release|Any CPU
		{041013BE-6D01-496A-AA15-9F9AD7065694}.Debug|Any CPU.ActiveCfg = Debug|Any CPU
		{041013BE-6D01-496A-AA15-9F9AD7065694}.Debug|Any CPU.Build.0 = Debug|Any CPU
		{041013BE-6D01-496A-AA15-9F9AD7065694}.Release|Any CPU.ActiveCfg = Release|Any CPU
		{041013BE-6D01-496A-AA15-9F9AD7065694}.Release|Any CPU.Build.0 = Release|Any CPU
		{AB6BDCAA-8D72-43F8-BB1C-ECBA11862B5B}.Debug|Any CPU.ActiveCfg = Debug|Any CPU
		{AB6BDCAA-8D72-43F8-BB1C-ECBA11862B5B}.Debug|Any CPU.Build.0 = Debug|Any CPU
		{AB6BDCAA-8D72-43F8-BB1C-ECBA11862B5B}.Release|Any CPU.ActiveCfg = Release|Any CPU
		{AB6BDCAA-8D72-43F8-BB1C-ECBA11862B5B}.Release|Any CPU.Build.0 = Release|Any CPU
		{F03DABB9-A16A-48B7-B1D1-3E1E17C6E3E9}.Debug|Any CPU.ActiveCfg = Debug|Any CPU
		{F03DABB9-A16A-48B7-B1D1-3E1E17C6E3E9}.Debug|Any CPU.Build.0 = Debug|Any CPU
		{F03DABB9-A16A-48B7-B1D1-3E1E17C6E3E9}.Release|Any CPU.ActiveCfg = Release|Any CPU
		{F03DABB9-A16A-48B7-B1D1-3E1E17C6E3E9}.Release|Any CPU.Build.0 = Release|Any CPU
		{A89DDF60-5CE4-4901-A120-80BDF51B6662}.Debug|Any CPU.ActiveCfg = Debug|Any CPU
		{A89DDF60-5CE4-4901-A120-80BDF51B6662}.Debug|Any CPU.Build.0 = Debug|Any CPU
		{A89DDF60-5CE4-4901-A120-80BDF51B6662}.Release|Any CPU.ActiveCfg = Release|Any CPU
		{A89DDF60-5CE4-4901-A120-80BDF51B6662}.Release|Any CPU.Build.0 = Release|Any CPU
		{3EECDD7D-93FE-4759-95B5-AAC94E47E643}.Debug|Any CPU.ActiveCfg = Debug|Any CPU
		{3EECDD7D-93FE-4759-95B5-AAC94E47E643}.Debug|Any CPU.Build.0 = Debug|Any CPU
		{3EECDD7D-93FE-4759-95B5-AAC94E47E643}.Release|Any CPU.ActiveCfg = Release|Any CPU
		{3EECDD7D-93FE-4759-95B5-AAC94E47E643}.Release|Any CPU.Build.0 = Release|Any CPU
		{556785BB-6EDA-4E58-ABD7-2D4721EE9EE0}.Debug|Any CPU.ActiveCfg = Debug|Any CPU
		{556785BB-6EDA-4E58-ABD7-2D4721EE9EE0}.Debug|Any CPU.Build.0 = Debug|Any CPU
		{556785BB-6EDA-4E58-ABD7-2D4721EE9EE0}.Release|Any CPU.ActiveCfg = Release|Any CPU
		{556785BB-6EDA-4E58-ABD7-2D4721EE9EE0}.Release|Any CPU.Build.0 = Release|Any CPU
		{649DB5CC-62B4-4C60-AC42-CCC6DD053750}.Debug|Any CPU.ActiveCfg = Debug|Any CPU
		{649DB5CC-62B4-4C60-AC42-CCC6DD053750}.Debug|Any CPU.Build.0 = Debug|Any CPU
		{649DB5CC-62B4-4C60-AC42-CCC6DD053750}.Release|Any CPU.ActiveCfg = Release|Any CPU
		{649DB5CC-62B4-4C60-AC42-CCC6DD053750}.Release|Any CPU.Build.0 = Release|Any CPU
		{7364EAA1-F175-4EDA-B5F6-844A0E9D1260}.Debug|Any CPU.ActiveCfg = Debug|Any CPU
		{7364EAA1-F175-4EDA-B5F6-844A0E9D1260}.Debug|Any CPU.Build.0 = Debug|Any CPU
		{7364EAA1-F175-4EDA-B5F6-844A0E9D1260}.Release|Any CPU.ActiveCfg = Release|Any CPU
		{7364EAA1-F175-4EDA-B5F6-844A0E9D1260}.Release|Any CPU.Build.0 = Release|Any CPU
		{01EA194B-F71E-4FB3-BE60-925939D1DC39}.Debug|Any CPU.ActiveCfg = Debug|Any CPU
		{01EA194B-F71E-4FB3-BE60-925939D1DC39}.Debug|Any CPU.Build.0 = Debug|Any CPU
		{01EA194B-F71E-4FB3-BE60-925939D1DC39}.Release|Any CPU.ActiveCfg = Release|Any CPU
		{01EA194B-F71E-4FB3-BE60-925939D1DC39}.Release|Any CPU.Build.0 = Release|Any CPU
		{F815BA39-C1E4-4BBF-9611-7ADBE1EA9D9E}.Debug|Any CPU.ActiveCfg = Debug|Any CPU
		{F815BA39-C1E4-4BBF-9611-7ADBE1EA9D9E}.Debug|Any CPU.Build.0 = Debug|Any CPU
		{F815BA39-C1E4-4BBF-9611-7ADBE1EA9D9E}.Release|Any CPU.ActiveCfg = Release|Any CPU
		{F815BA39-C1E4-4BBF-9611-7ADBE1EA9D9E}.Release|Any CPU.Build.0 = Release|Any CPU
		{4C1B71AE-4FFA-45C6-9235-DECC9534C805}.Debug|Any CPU.ActiveCfg = Debug|Any CPU
		{4C1B71AE-4FFA-45C6-9235-DECC9534C805}.Debug|Any CPU.Build.0 = Debug|Any CPU
		{4C1B71AE-4FFA-45C6-9235-DECC9534C805}.Release|Any CPU.ActiveCfg = Release|Any CPU
		{4C1B71AE-4FFA-45C6-9235-DECC9534C805}.Release|Any CPU.Build.0 = Release|Any CPU
		{22C6C93E-AA25-4197-B6EA-8F4FEC2B5E54}.Debug|Any CPU.ActiveCfg = Debug|Any CPU
		{22C6C93E-AA25-4197-B6EA-8F4FEC2B5E54}.Debug|Any CPU.Build.0 = Debug|Any CPU
		{22C6C93E-AA25-4197-B6EA-8F4FEC2B5E54}.Release|Any CPU.ActiveCfg = Release|Any CPU
		{22C6C93E-AA25-4197-B6EA-8F4FEC2B5E54}.Release|Any CPU.Build.0 = Release|Any CPU
		{4627FA3B-1526-451B-8279-F9B51C702E6F}.Debug|Any CPU.ActiveCfg = Debug|Any CPU
		{4627FA3B-1526-451B-8279-F9B51C702E6F}.Debug|Any CPU.Build.0 = Debug|Any CPU
		{4627FA3B-1526-451B-8279-F9B51C702E6F}.Release|Any CPU.ActiveCfg = Release|Any CPU
		{4627FA3B-1526-451B-8279-F9B51C702E6F}.Release|Any CPU.Build.0 = Release|Any CPU
		{660AC771-3BE9-4C87-A795-F7EEE13BADCD}.Debug|Any CPU.ActiveCfg = Debug|Any CPU
		{660AC771-3BE9-4C87-A795-F7EEE13BADCD}.Debug|Any CPU.Build.0 = Debug|Any CPU
		{660AC771-3BE9-4C87-A795-F7EEE13BADCD}.Release|Any CPU.ActiveCfg = Release|Any CPU
		{660AC771-3BE9-4C87-A795-F7EEE13BADCD}.Release|Any CPU.Build.0 = Release|Any CPU
		{42F51D9F-F1FB-482B-B48E-1335627BB6BB}.Debug|Any CPU.ActiveCfg = Debug|Any CPU
		{42F51D9F-F1FB-482B-B48E-1335627BB6BB}.Debug|Any CPU.Build.0 = Debug|Any CPU
		{42F51D9F-F1FB-482B-B48E-1335627BB6BB}.Release|Any CPU.ActiveCfg = Release|Any CPU
		{42F51D9F-F1FB-482B-B48E-1335627BB6BB}.Release|Any CPU.Build.0 = Release|Any CPU
		{9F155F77-CF26-4866-A11C-0D86FD575E77}.Debug|Any CPU.ActiveCfg = Debug|Any CPU
		{9F155F77-CF26-4866-A11C-0D86FD575E77}.Debug|Any CPU.Build.0 = Debug|Any CPU
		{9F155F77-CF26-4866-A11C-0D86FD575E77}.Release|Any CPU.ActiveCfg = Release|Any CPU
		{9F155F77-CF26-4866-A11C-0D86FD575E77}.Release|Any CPU.Build.0 = Release|Any CPU
		{4BD936B6-5995-42D1-89C6-A834FA59C8A6}.Debug|Any CPU.ActiveCfg = Debug|Any CPU
		{4BD936B6-5995-42D1-89C6-A834FA59C8A6}.Debug|Any CPU.Build.0 = Debug|Any CPU
		{4BD936B6-5995-42D1-89C6-A834FA59C8A6}.Release|Any CPU.ActiveCfg = Release|Any CPU
		{4BD936B6-5995-42D1-89C6-A834FA59C8A6}.Release|Any CPU.Build.0 = Release|Any CPU
		{3C1E9C48-7C0A-4773-9429-45425B333D22}.Debug|Any CPU.ActiveCfg = Debug|Any CPU
		{3C1E9C48-7C0A-4773-9429-45425B333D22}.Debug|Any CPU.Build.0 = Debug|Any CPU
		{3C1E9C48-7C0A-4773-9429-45425B333D22}.Release|Any CPU.ActiveCfg = Release|Any CPU
		{3C1E9C48-7C0A-4773-9429-45425B333D22}.Release|Any CPU.Build.0 = Release|Any CPU
		{1A65ACE1-ADA2-420E-A414-9D7CC8724D09}.Debug|Any CPU.ActiveCfg = Debug|Any CPU
		{1A65ACE1-ADA2-420E-A414-9D7CC8724D09}.Debug|Any CPU.Build.0 = Debug|Any CPU
		{1A65ACE1-ADA2-420E-A414-9D7CC8724D09}.Release|Any CPU.ActiveCfg = Release|Any CPU
		{1A65ACE1-ADA2-420E-A414-9D7CC8724D09}.Release|Any CPU.Build.0 = Release|Any CPU
		{FD2F35CC-9900-4A8C-9024-DF3123A8C784}.Debug|Any CPU.ActiveCfg = Debug|Any CPU
		{FD2F35CC-9900-4A8C-9024-DF3123A8C784}.Debug|Any CPU.Build.0 = Debug|Any CPU
		{FD2F35CC-9900-4A8C-9024-DF3123A8C784}.Release|Any CPU.ActiveCfg = Release|Any CPU
		{FD2F35CC-9900-4A8C-9024-DF3123A8C784}.Release|Any CPU.Build.0 = Release|Any CPU
		{86C69EA4-705C-4129-BCAD-4E8E9AAD6362}.Debug|Any CPU.ActiveCfg = Debug|Any CPU
		{86C69EA4-705C-4129-BCAD-4E8E9AAD6362}.Debug|Any CPU.Build.0 = Debug|Any CPU
		{86C69EA4-705C-4129-BCAD-4E8E9AAD6362}.Release|Any CPU.ActiveCfg = Release|Any CPU
		{86C69EA4-705C-4129-BCAD-4E8E9AAD6362}.Release|Any CPU.Build.0 = Release|Any CPU
		{4E723DFB-7D96-4E3A-971A-8C0B271F44CC}.Debug|Any CPU.ActiveCfg = Debug|Any CPU
		{4E723DFB-7D96-4E3A-971A-8C0B271F44CC}.Debug|Any CPU.Build.0 = Debug|Any CPU
		{4E723DFB-7D96-4E3A-971A-8C0B271F44CC}.Release|Any CPU.ActiveCfg = Release|Any CPU
		{4E723DFB-7D96-4E3A-971A-8C0B271F44CC}.Release|Any CPU.Build.0 = Release|Any CPU
		{02194EE2-2D22-4021-883A-73691678EEB8}.Debug|Any CPU.ActiveCfg = Debug|Any CPU
		{02194EE2-2D22-4021-883A-73691678EEB8}.Debug|Any CPU.Build.0 = Debug|Any CPU
		{02194EE2-2D22-4021-883A-73691678EEB8}.Release|Any CPU.ActiveCfg = Release|Any CPU
		{02194EE2-2D22-4021-883A-73691678EEB8}.Release|Any CPU.Build.0 = Release|Any CPU
	EndGlobalSection
	GlobalSection(SolutionProperties) = preSolution
		HideSolutionNode = FALSE
	EndGlobalSection
	GlobalSection(NestedProjects) = preSolution
		{A906EE51-515F-43E6-98C9-DC524F526869} = {81F6D934-B1BD-462B-8198-E4FFB8B845EA}
		{DBD052FC-CEA9-41E6-B26A-85DAD56A001A} = {81F6D934-B1BD-462B-8198-E4FFB8B845EA}
		{60A1151A-D3BB-4C0E-B92D-9D124D1B076B} = {EF3CD41E-E400-40C1-BE6A-39391885A50F}
		{924A4038-6914-4216-8DE0-2902CC319AC7} = {AE2D211D-4EA0-4BCC-8E6F-A3F833635FD0}
		{8EE06A58-1EB5-4CFD-81B5-23961ACB0C92} = {AE2D211D-4EA0-4BCC-8E6F-A3F833635FD0}
		{030FAD87-3A09-459A-A8FB-90400512653C} = {AE2D211D-4EA0-4BCC-8E6F-A3F833635FD0}
		{A5B2A369-55E4-4D0A-AC56-E455DC05134B} = {AE2D211D-4EA0-4BCC-8E6F-A3F833635FD0}
		{2E27CE73-6F91-49A8-BD86-8B391D04FDE5} = {AE2D211D-4EA0-4BCC-8E6F-A3F833635FD0}
		{1150D764-A665-463B-8F3C-9621279DBD27} = {AE2D211D-4EA0-4BCC-8E6F-A3F833635FD0}
		{0115F350-4386-4FF8-9477-DF10983951AD} = {AE2D211D-4EA0-4BCC-8E6F-A3F833635FD0}
		{1AB6EF4B-C1D7-402C-98EB-3749495702DB} = {AE2D211D-4EA0-4BCC-8E6F-A3F833635FD0}
		{D3A93302-4850-4344-B738-7311E0415326} = {AE2D211D-4EA0-4BCC-8E6F-A3F833635FD0}
		{1D57B2F1-3323-47DE-8C63-20979957F663} = {AE2D211D-4EA0-4BCC-8E6F-A3F833635FD0}
		{9157A809-2A62-4A3B-A371-814648E3BEFF} = {AE2D211D-4EA0-4BCC-8E6F-A3F833635FD0}
		{041013BE-6D01-496A-AA15-9F9AD7065694} = {AE2D211D-4EA0-4BCC-8E6F-A3F833635FD0}
		{AB6BDCAA-8D72-43F8-BB1C-ECBA11862B5B} = {AE2D211D-4EA0-4BCC-8E6F-A3F833635FD0}
		{F03DABB9-A16A-48B7-B1D1-3E1E17C6E3E9} = {AE2D211D-4EA0-4BCC-8E6F-A3F833635FD0}
		{A89DDF60-5CE4-4901-A120-80BDF51B6662} = {F8677B83-ED88-47BD-819E-2E9D62328F38}
		{3EECDD7D-93FE-4759-95B5-AAC94E47E643} = {AE2D211D-4EA0-4BCC-8E6F-A3F833635FD0}
		{556785BB-6EDA-4E58-ABD7-2D4721EE9EE0} = {AE2D211D-4EA0-4BCC-8E6F-A3F833635FD0}
		{649DB5CC-62B4-4C60-AC42-CCC6DD053750} = {AE2D211D-4EA0-4BCC-8E6F-A3F833635FD0}
		{7364EAA1-F175-4EDA-B5F6-844A0E9D1260} = {AE2D211D-4EA0-4BCC-8E6F-A3F833635FD0}
		{01EA194B-F71E-4FB3-BE60-925939D1DC39} = {AE2D211D-4EA0-4BCC-8E6F-A3F833635FD0}
		{F815BA39-C1E4-4BBF-9611-7ADBE1EA9D9E} = {AE2D211D-4EA0-4BCC-8E6F-A3F833635FD0}
		{4C1B71AE-4FFA-45C6-9235-DECC9534C805} = {AE2D211D-4EA0-4BCC-8E6F-A3F833635FD0}
		{22C6C93E-AA25-4197-B6EA-8F4FEC2B5E54} = {AE2D211D-4EA0-4BCC-8E6F-A3F833635FD0}
		{4627FA3B-1526-451B-8279-F9B51C702E6F} = {AE2D211D-4EA0-4BCC-8E6F-A3F833635FD0}
		{660AC771-3BE9-4C87-A795-F7EEE13BADCD} = {AE2D211D-4EA0-4BCC-8E6F-A3F833635FD0}
		{42F51D9F-F1FB-482B-B48E-1335627BB6BB} = {AE2D211D-4EA0-4BCC-8E6F-A3F833635FD0}
		{9F155F77-CF26-4866-A11C-0D86FD575E77} = {AE2D211D-4EA0-4BCC-8E6F-A3F833635FD0}
		{4BD936B6-5995-42D1-89C6-A834FA59C8A6} = {AE2D211D-4EA0-4BCC-8E6F-A3F833635FD0}
		{3C1E9C48-7C0A-4773-9429-45425B333D22} = {AE2D211D-4EA0-4BCC-8E6F-A3F833635FD0}
		{1A65ACE1-ADA2-420E-A414-9D7CC8724D09} = {AE2D211D-4EA0-4BCC-8E6F-A3F833635FD0}
		{FD2F35CC-9900-4A8C-9024-DF3123A8C784} = {AE2D211D-4EA0-4BCC-8E6F-A3F833635FD0}
		{86C69EA4-705C-4129-BCAD-4E8E9AAD6362} = {AE2D211D-4EA0-4BCC-8E6F-A3F833635FD0}
		{4E723DFB-7D96-4E3A-971A-8C0B271F44CC} = {AE2D211D-4EA0-4BCC-8E6F-A3F833635FD0}
		{02194EE2-2D22-4021-883A-73691678EEB8} = {AE2D211D-4EA0-4BCC-8E6F-A3F833635FD0}
	EndGlobalSection
	GlobalSection(ExtensibilityGlobals) = postSolution
		SolutionGuid = {26192443-B8E7-40D6-8F72-E89831C4D9F4}
	EndGlobalSection
EndGlobal
